
Microsoft Visual Studio Solution File, Format Version 12.00
# Visual Studio Version 17
VisualStudioVersion = 17.11.35312.102
MinimumVisualStudioVersion = 10.0.40219.1
Project("{FAE04EC0-301F-11D3-BF4B-00C04F79EFBC}") = "CalculateGPAConsole", "CalculateGPAConsole\CalculateGPAConsole.csproj", "{A07E0243-D5B6-4700-9484-821FA1CC243D}"
EndProject
Global
	GlobalSection(SolutionConfigurationPlatforms) = preSolution
		Debug|Any CPU = Debug|Any CPU
		Release|Any CPU = Release|Any CPU
	EndGlobalSection
	GlobalSection(ProjectConfigurationPlatforms) = postSolution
		{A07E0243-D5B6-4700-9484-821FA1CC243D}.Debug|Any CPU.ActiveCfg = Debug|Any CPU
		{A07E0243-D5B6-4700-9484-821FA1CC243D}.Debug|Any CPU.Build.0 = Debug|Any CPU
		{A07E0243-D5B6-4700-9484-821FA1CC243D}.Release|Any CPU.ActiveCfg = Release|Any CPU
		{A07E0243-D5B6-4700-9484-821FA1CC243D}.Release|Any CPU.Build.0 = Release|Any CPU
	EndGlobalSection
	GlobalSection(SolutionProperties) = preSolution
		HideSolutionNode = FALSE
	EndGlobalSection
	GlobalSection(ExtensibilityGlobals) = postSolution
		SolutionGuid = {4684EE77-6E90-4E37-AF5B-F28A2B908B7E}
	EndGlobalSection
EndGlobal
